
Microsoft Visual Studio Solution File, Format Version 12.00
# Visual Studio Version 17
VisualStudioVersion = 17.5.002.0
MinimumVisualStudioVersion = 10.0.40219.1
Project("{9A19103F-16F7-4668-BE54-9A1E7A4F7556}") = "HW", "HW.csproj", "{C58204F7-264F-4F39-AE0C-427D3691DC71}"
EndProject
Global
	GlobalSection(SolutionConfigurationPlatforms) = preSolution
		Debug|Any CPU = Debug|Any CPU
		Release|Any CPU = Release|Any CPU
	EndGlobalSection
	GlobalSection(ProjectConfigurationPlatforms) = postSolution
		{C58204F7-264F-4F39-AE0C-427D3691DC71}.Debug|Any CPU.ActiveCfg = Debug|Any CPU
		{C58204F7-264F-4F39-AE0C-427D3691DC71}.Debug|Any CPU.Build.0 = Debug|Any CPU
		{C58204F7-264F-4F39-AE0C-427D3691DC71}.Release|Any CPU.ActiveCfg = Release|Any CPU
		{C58204F7-264F-4F39-AE0C-427D3691DC71}.Release|Any CPU.Build.0 = Release|Any CPU
	EndGlobalSection
	GlobalSection(SolutionProperties) = preSolution
		HideSolutionNode = FALSE
	EndGlobalSection
	GlobalSection(ExtensibilityGlobals) = postSolution
		SolutionGuid = {818AA498-F9D2-4C12-B38E-BB105D3B8F70}
	EndGlobalSection
EndGlobal
